
Microsoft Visual Studio Solution File, Format Version 12.00
# Visual Studio Version 16
VisualStudioVersion = 16.0.29306.81
MinimumVisualStudioVersion = 10.0.40219.1
Project("{FAE04EC0-301F-11D3-BF4B-00C04F79EFBC}") = "AutoClickerSub", "AutoClickerSub\AutoClickerSub.csproj", "{B5A71129-5799-4DB6-B4B2-CFD07D75CF12}"
EndProject
Project("{2150E333-8FDC-42A3-9474-1A3956D46DE8}") = "Solution Items", "Solution Items", "{6B4E5DEF-16EB-409F-849B-A18C3D23363D}"
	ProjectSection(SolutionItems) = preProject
		LICENSE.txt = LICENSE.txt
		README.md = README.md
	EndProjectSection
EndProject
Project("{2150E333-8FDC-42A3-9474-1A3956D46DE8}") = "sample", "sample", "{B2C4B957-DA8D-4992-A142-5770353FD9E7}"
	ProjectSection(SolutionItems) = preProject
		..\..\..\..\..\tools\MyTools\Powershell\AutoClickerSub.ps1 = ..\..\..\..\..\tools\MyTools\Powershell\AutoClickerSub.ps1
		..\..\..\..\..\tools\MyTools\Powershell\AutoClickerSub.xaml = ..\..\..\..\..\tools\MyTools\Powershell\AutoClickerSub.xaml
		..\..\..\..\..\tools\MyTools\Powershell\SelectApp.ps1 = ..\..\..\..\..\tools\MyTools\Powershell\SelectApp.ps1
		..\..\..\..\..\tools\MyTools\Powershell\SelectApp.xaml = ..\..\..\..\..\tools\MyTools\Powershell\SelectApp.xaml
	EndProjectSection
EndProject
Global
	GlobalSection(SolutionConfigurationPlatforms) = preSolution
		Debug|Any CPU = Debug|Any CPU
		Release|Any CPU = Release|Any CPU
	EndGlobalSection
	GlobalSection(ProjectConfigurationPlatforms) = postSolution
		{B5A71129-5799-4DB6-B4B2-CFD07D75CF12}.Debug|Any CPU.ActiveCfg = Debug|Any CPU
		{B5A71129-5799-4DB6-B4B2-CFD07D75CF12}.Debug|Any CPU.Build.0 = Debug|Any CPU
		{B5A71129-5799-4DB6-B4B2-CFD07D75CF12}.Release|Any CPU.ActiveCfg = Release|Any CPU
		{B5A71129-5799-4DB6-B4B2-CFD07D75CF12}.Release|Any CPU.Build.0 = Release|Any CPU
	EndGlobalSection
	GlobalSection(SolutionProperties) = preSolution
		HideSolutionNode = FALSE
	EndGlobalSection
	GlobalSection(ExtensibilityGlobals) = postSolution
		SolutionGuid = {FE9D48A9-9A92-4707-AF8E-DFE4BCDAF181}
	EndGlobalSection
EndGlobal
